<Solution>
  <Project Path="KeyCodeMappings/KeyCodeMappings.csproj" />
  <Project Path="SimpleAdbSocket/SimpleAdbSocket.csproj" />
  <Project Path="SimpleSetupDiQuery/SimpleSetupDiQuery.csproj" />
  <Project Path="SimpleWin32Input/SimpleWin32Input.csproj" />
  <Project Path="SimpleWinUSB/SimpleWinUSB.csproj" />
  <Project Path="Test/Test.csproj" />
</Solution>
